
Microsoft Visual Studio Solution File, Format Version 12.00
# Visual Studio Version 17
VisualStudioVersion = 17.4.33103.184
MinimumVisualStudioVersion = 10.0.40219.1
Project("{2150E333-8FDC-42A3-9474-1A3956D46DE8}") = "tests", "tests", "{4C055799-6F22-4703-96D0-CB035B15B7BF}"
EndProject
Project("{2150E333-8FDC-42A3-9474-1A3956D46DE8}") = "src", "src", "{9E4AB65D-D295-47EB-8300-F3BF5E626549}"
EndProject
Project("{9A19103F-16F7-4668-BE54-9A1E7A4F7556}") = "Infrastructure.UnitTests", "tests\Infrastructure.UnitTests\Infrastructure.UnitTests.csproj", "{FEEAC7CD-05CD-43E5-B67F-346B1ABCA034}"
EndProject
Project("{9A19103F-16F7-4668-BE54-9A1E7A4F7556}") = "Application", "src\Application\Application.csproj", "{A7DC21AE-EDCC-4046-85A4-53DF4289809D}"
EndProject
Project("{9A19103F-16F7-4668-BE54-9A1E7A4F7556}") = "Domain", "src\Domain\Domain.csproj", "{884214CE-D216-49F3-9938-4CE37D137019}"
EndProject
Project("{9A19103F-16F7-4668-BE54-9A1E7A4F7556}") = "Infrastructure", "src\Infrastructure\Infrastructure.csproj", "{11FEAA68-841F-46BB-8BAB-89A1D6A1FBC8}"
EndProject
Project("{9A19103F-16F7-4668-BE54-9A1E7A4F7556}") = "Models", "src\Models\Models.csproj", "{8FBEBE40-6C3F-4509-8EE8-C8CA88AC4F07}"
EndProject
Project("{9A19103F-16F7-4668-BE54-9A1E7A4F7556}") = "WebUI", "src\WebUI\WebUI.csproj", "{DEF96DA9-C2F7-4DDD-9376-4E01A65CD56C}"
EndProject
Project("{9A19103F-16F7-4668-BE54-9A1E7A4F7556}") = "WebAPI", "src\WebAPI\WebAPI.csproj", "{0F9A43E4-7C6A-4439-B358-96F75FEB848C}"
EndProject
Project("{9A19103F-16F7-4668-BE54-9A1E7A4F7556}") = "Domain.UnitTests", "tests\Domain.UnitTests\Domain.UnitTests.csproj", "{6715FD1F-00B5-4071-BD07-4698B9F9C6D3}"
EndProject
Project("{9A19103F-16F7-4668-BE54-9A1E7A4F7556}") = "Application.IntegrationTests", "tests\Application.IntegrationTests\Application.IntegrationTests.csproj", "{5FFCF2D2-70C0-4E68-B981-22909DBD64BF}"
EndProject
Project("{9A19103F-16F7-4668-BE54-9A1E7A4F7556}") = "Models.IntegrationTests", "tests\Models.UnitTests\Models.IntegrationTests.csproj", "{8202DD12-50C6-4CA6-8FFF-B4869D64A2F5}"
EndProject
Global
	GlobalSection(SolutionConfigurationPlatforms) = preSolution
		Debug|Any CPU = Debug|Any CPU
		Release|Any CPU = Release|Any CPU
	EndGlobalSection
	GlobalSection(ProjectConfigurationPlatforms) = postSolution
		{FEEAC7CD-05CD-43E5-B67F-346B1ABCA034}.Debug|Any CPU.ActiveCfg = Debug|Any CPU
		{FEEAC7CD-05CD-43E5-B67F-346B1ABCA034}.Debug|Any CPU.Build.0 = Debug|Any CPU
		{FEEAC7CD-05CD-43E5-B67F-346B1ABCA034}.Release|Any CPU.ActiveCfg = Release|Any CPU
		{FEEAC7CD-05CD-43E5-B67F-346B1ABCA034}.Release|Any CPU.Build.0 = Release|Any CPU
		{A7DC21AE-EDCC-4046-85A4-53DF4289809D}.Debug|Any CPU.ActiveCfg = Debug|Any CPU
		{A7DC21AE-EDCC-4046-85A4-53DF4289809D}.Debug|Any CPU.Build.0 = Debug|Any CPU
		{A7DC21AE-EDCC-4046-85A4-53DF4289809D}.Release|Any CPU.ActiveCfg = Release|Any CPU
		{A7DC21AE-EDCC-4046-85A4-53DF4289809D}.Release|Any CPU.Build.0 = Release|Any CPU
		{884214CE-D216-49F3-9938-4CE37D137019}.Debug|Any CPU.ActiveCfg = Debug|Any CPU
		{884214CE-D216-49F3-9938-4CE37D137019}.Debug|Any CPU.Build.0 = Debug|Any CPU
		{884214CE-D216-49F3-9938-4CE37D137019}.Release|Any CPU.ActiveCfg = Release|Any CPU
		{884214CE-D216-49F3-9938-4CE37D137019}.Release|Any CPU.Build.0 = Release|Any CPU
		{11FEAA68-841F-46BB-8BAB-89A1D6A1FBC8}.Debug|Any CPU.ActiveCfg = Debug|Any CPU
		{11FEAA68-841F-46BB-8BAB-89A1D6A1FBC8}.Debug|Any CPU.Build.0 = Debug|Any CPU
		{11FEAA68-841F-46BB-8BAB-89A1D6A1FBC8}.Release|Any CPU.ActiveCfg = Release|Any CPU
		{11FEAA68-841F-46BB-8BAB-89A1D6A1FBC8}.Release|Any CPU.Build.0 = Release|Any CPU
		{8FBEBE40-6C3F-4509-8EE8-C8CA88AC4F07}.Debug|Any CPU.ActiveCfg = Debug|Any CPU
		{8FBEBE40-6C3F-4509-8EE8-C8CA88AC4F07}.Debug|Any CPU.Build.0 = Debug|Any CPU
		{8FBEBE40-6C3F-4509-8EE8-C8CA88AC4F07}.Release|Any CPU.ActiveCfg = Release|Any CPU
		{8FBEBE40-6C3F-4509-8EE8-C8CA88AC4F07}.Release|Any CPU.Build.0 = Release|Any CPU
		{DEF96DA9-C2F7-4DDD-9376-4E01A65CD56C}.Debug|Any CPU.ActiveCfg = Debug|Any CPU
		{DEF96DA9-C2F7-4DDD-9376-4E01A65CD56C}.Debug|Any CPU.Build.0 = Debug|Any CPU
		{DEF96DA9-C2F7-4DDD-9376-4E01A65CD56C}.Release|Any CPU.ActiveCfg = Release|Any CPU
		{DEF96DA9-C2F7-4DDD-9376-4E01A65CD56C}.Release|Any CPU.Build.0 = Release|Any CPU
		{0F9A43E4-7C6A-4439-B358-96F75FEB848C}.Debug|Any CPU.ActiveCfg = Debug|Any CPU
		{0F9A43E4-7C6A-4439-B358-96F75FEB848C}.Debug|Any CPU.Build.0 = Debug|Any CPU
		{0F9A43E4-7C6A-4439-B358-96F75FEB848C}.Release|Any CPU.ActiveCfg = Release|Any CPU
		{0F9A43E4-7C6A-4439-B358-96F75FEB848C}.Release|Any CPU.Build.0 = Release|Any CPU
		{6715FD1F-00B5-4071-BD07-4698B9F9C6D3}.Debug|Any CPU.ActiveCfg = Debug|Any CPU
		{6715FD1F-00B5-4071-BD07-4698B9F9C6D3}.Debug|Any CPU.Build.0 = Debug|Any CPU
		{6715FD1F-00B5-4071-BD07-4698B9F9C6D3}.Release|Any CPU.ActiveCfg = Release|Any CPU
		{6715FD1F-00B5-4071-BD07-4698B9F9C6D3}.Release|Any CPU.Build.0 = Release|Any CPU
		{5FFCF2D2-70C0-4E68-B981-22909DBD64BF}.Debug|Any CPU.ActiveCfg = Debug|Any CPU
		{5FFCF2D2-70C0-4E68-B981-22909DBD64BF}.Debug|Any CPU.Build.0 = Debug|Any CPU
		{5FFCF2D2-70C0-4E68-B981-22909DBD64BF}.Release|Any CPU.ActiveCfg = Release|Any CPU
		{5FFCF2D2-70C0-4E68-B981-22909DBD64BF}.Release|Any CPU.Build.0 = Release|Any CPU
		{8202DD12-50C6-4CA6-8FFF-B4869D64A2F5}.Debug|Any CPU.ActiveCfg = Debug|Any CPU
		{8202DD12-50C6-4CA6-8FFF-B4869D64A2F5}.Debug|Any CPU.Build.0 = Debug|Any CPU
		{8202DD12-50C6-4CA6-8FFF-B4869D64A2F5}.Release|Any CPU.ActiveCfg = Release|Any CPU
		{8202DD12-50C6-4CA6-8FFF-B4869D64A2F5}.Release|Any CPU.Build.0 = Release|Any CPU
	EndGlobalSection
	GlobalSection(SolutionProperties) = preSolution
		HideSolutionNode = FALSE
	EndGlobalSection
	GlobalSection(NestedProjects) = preSolution
		{FEEAC7CD-05CD-43E5-B67F-346B1ABCA034} = {4C055799-6F22-4703-96D0-CB035B15B7BF}
		{A7DC21AE-EDCC-4046-85A4-53DF4289809D} = {9E4AB65D-D295-47EB-8300-F3BF5E626549}
		{884214CE-D216-49F3-9938-4CE37D137019} = {9E4AB65D-D295-47EB-8300-F3BF5E626549}
		{11FEAA68-841F-46BB-8BAB-89A1D6A1FBC8} = {9E4AB65D-D295-47EB-8300-F3BF5E626549}
		{8FBEBE40-6C3F-4509-8EE8-C8CA88AC4F07} = {9E4AB65D-D295-47EB-8300-F3BF5E626549}
		{DEF96DA9-C2F7-4DDD-9376-4E01A65CD56C} = {9E4AB65D-D295-47EB-8300-F3BF5E626549}
		{0F9A43E4-7C6A-4439-B358-96F75FEB848C} = {9E4AB65D-D295-47EB-8300-F3BF5E626549}
		{6715FD1F-00B5-4071-BD07-4698B9F9C6D3} = {4C055799-6F22-4703-96D0-CB035B15B7BF}
		{5FFCF2D2-70C0-4E68-B981-22909DBD64BF} = {4C055799-6F22-4703-96D0-CB035B15B7BF}
		{8202DD12-50C6-4CA6-8FFF-B4869D64A2F5} = {4C055799-6F22-4703-96D0-CB035B15B7BF}
	EndGlobalSection
	GlobalSection(ExtensibilityGlobals) = postSolution
		SolutionGuid = {9553A5B8-006B-49A5-BC10-F27A19EF03C2}
	EndGlobalSection
EndGlobal
